
Microsoft Visual Studio Solution File, Format Version 12.00
# Visual Studio Version 17
VisualStudioVersion = 17.12.35527.113 d17.12
MinimumVisualStudioVersion = 10.0.40219.1
Project("{FAE04EC0-301F-11D3-BF4B-00C04F79EFBC}") = "Application", "src\Application\Application.csproj", "{0519E662-6368-43CD-BB93-653FE496D6DE}"
EndProject
Project("{FAE04EC0-301F-11D3-BF4B-00C04F79EFBC}") = "Domain", "src\Domain\Domain.csproj", "{D12F95AD-5215-4DD7-96D1-6322308AFFDD}"
EndProject
Project("{FAE04EC0-301F-11D3-BF4B-00C04F79EFBC}") = "Infrastructure", "src\Infrastructure\Infrastructure.csproj", "{E7FD9804-4EC1-492A-8447-B235C21EB3B2}"
EndProject
Project("{FAE04EC0-301F-11D3-BF4B-00C04F79EFBC}") = "Web", "src\Web\Web.csproj", "{CDF83B85-4B1A-41D1-A704-BB044BF539EF}"
EndProject
Project("{FAE04EC0-301F-11D3-BF4B-00C04F79EFBC}") = "Application.FunctionalTests", "tests\Application.FunctionalTests\Application.FunctionalTests.csproj", "{27B32905-6A08-425C-BC62-A4E8E234C37B}"
EndProject
Project("{FAE04EC0-301F-11D3-BF4B-00C04F79EFBC}") = "Application.UnitTests", "tests\Application.UnitTests\Application.UnitTests.csproj", "{8CB87AF6-AF6F-4324-8443-19B7784B1D3B}"
EndProject
Project("{FAE04EC0-301F-11D3-BF4B-00C04F79EFBC}") = "Domain.UnitTests", "tests\Domain.UnitTests\Domain.UnitTests.csproj", "{615265DC-7762-4CB3-861F-174FD77FBFFA}"
EndProject
Project("{FAE04EC0-301F-11D3-BF4B-00C04F79EFBC}") = "Infrastructure.IntegrationTests", "tests\Infrastructure.IntegrationTests\Infrastructure.IntegrationTests.csproj", "{0FE4808F-EE64-4524-8A3D-1F2D21B35761}"
EndProject
Project("{2150E333-8FDC-42A3-9474-1A3956D46DE8}") = "src", "src", "{0346A3AB-9D69-484F-B7B4-EA02874CD7A2}"
EndProject
Project("{2150E333-8FDC-42A3-9474-1A3956D46DE8}") = "tests", "tests", "{8C019412-407A-4000-B45F-CC88E9EA653F}"
EndProject
Global
	GlobalSection(SolutionConfigurationPlatforms) = preSolution
		Debug|Any CPU = Debug|Any CPU
		Release|Any CPU = Release|Any CPU
	EndGlobalSection
	GlobalSection(ProjectConfigurationPlatforms) = postSolution
		{0519E662-6368-43CD-BB93-653FE496D6DE}.Debug|Any CPU.ActiveCfg = Debug|Any CPU
		{0519E662-6368-43CD-BB93-653FE496D6DE}.Debug|Any CPU.Build.0 = Debug|Any CPU
		{0519E662-6368-43CD-BB93-653FE496D6DE}.Release|Any CPU.ActiveCfg = Release|Any CPU
		{0519E662-6368-43CD-BB93-653FE496D6DE}.Release|Any CPU.Build.0 = Release|Any CPU
		{D12F95AD-5215-4DD7-96D1-6322308AFFDD}.Debug|Any CPU.ActiveCfg = Debug|Any CPU
		{D12F95AD-5215-4DD7-96D1-6322308AFFDD}.Debug|Any CPU.Build.0 = Debug|Any CPU
		{D12F95AD-5215-4DD7-96D1-6322308AFFDD}.Release|Any CPU.ActiveCfg = Release|Any CPU
		{D12F95AD-5215-4DD7-96D1-6322308AFFDD}.Release|Any CPU.Build.0 = Release|Any CPU
		{E7FD9804-4EC1-492A-8447-B235C21EB3B2}.Debug|Any CPU.ActiveCfg = Debug|Any CPU
		{E7FD9804-4EC1-492A-8447-B235C21EB3B2}.Debug|Any CPU.Build.0 = Debug|Any CPU
		{E7FD9804-4EC1-492A-8447-B235C21EB3B2}.Release|Any CPU.ActiveCfg = Release|Any CPU
		{E7FD9804-4EC1-492A-8447-B235C21EB3B2}.Release|Any CPU.Build.0 = Release|Any CPU
		{CDF83B85-4B1A-41D1-A704-BB044BF539EF}.Debug|Any CPU.ActiveCfg = Debug|Any CPU
		{CDF83B85-4B1A-41D1-A704-BB044BF539EF}.Debug|Any CPU.Build.0 = Debug|Any CPU
		{CDF83B85-4B1A-41D1-A704-BB044BF539EF}.Release|Any CPU.ActiveCfg = Release|Any CPU
		{CDF83B85-4B1A-41D1-A704-BB044BF539EF}.Release|Any CPU.Build.0 = Release|Any CPU
		{27B32905-6A08-425C-BC62-A4E8E234C37B}.Debug|Any CPU.ActiveCfg = Debug|Any CPU
		{27B32905-6A08-425C-BC62-A4E8E234C37B}.Debug|Any CPU.Build.0 = Debug|Any CPU
		{27B32905-6A08-425C-BC62-A4E8E234C37B}.Release|Any CPU.ActiveCfg = Release|Any CPU
		{27B32905-6A08-425C-BC62-A4E8E234C37B}.Release|Any CPU.Build.0 = Release|Any CPU
		{8CB87AF6-AF6F-4324-8443-19B7784B1D3B}.Debug|Any CPU.ActiveCfg = Debug|Any CPU
		{8CB87AF6-AF6F-4324-8443-19B7784B1D3B}.Debug|Any CPU.Build.0 = Debug|Any CPU
		{8CB87AF6-AF6F-4324-8443-19B7784B1D3B}.Release|Any CPU.ActiveCfg = Release|Any CPU
		{8CB87AF6-AF6F-4324-8443-19B7784B1D3B}.Release|Any CPU.Build.0 = Release|Any CPU
		{615265DC-7762-4CB3-861F-174FD77FBFFA}.Debug|Any CPU.ActiveCfg = Debug|Any CPU
		{615265DC-7762-4CB3-861F-174FD77FBFFA}.Debug|Any CPU.Build.0 = Debug|Any CPU
		{615265DC-7762-4CB3-861F-174FD77FBFFA}.Release|Any CPU.ActiveCfg = Release|Any CPU
		{615265DC-7762-4CB3-861F-174FD77FBFFA}.Release|Any CPU.Build.0 = Release|Any CPU
		{0FE4808F-EE64-4524-8A3D-1F2D21B35761}.Debug|Any CPU.ActiveCfg = Debug|Any CPU
		{0FE4808F-EE64-4524-8A3D-1F2D21B35761}.Debug|Any CPU.Build.0 = Debug|Any CPU
		{0FE4808F-EE64-4524-8A3D-1F2D21B35761}.Release|Any CPU.ActiveCfg = Release|Any CPU
		{0FE4808F-EE64-4524-8A3D-1F2D21B35761}.Release|Any CPU.Build.0 = Release|Any CPU
	EndGlobalSection
	GlobalSection(SolutionProperties) = preSolution
		HideSolutionNode = FALSE
	EndGlobalSection
	GlobalSection(NestedProjects) = preSolution
		{0519E662-6368-43CD-BB93-653FE496D6DE} = {0346A3AB-9D69-484F-B7B4-EA02874CD7A2}
		{D12F95AD-5215-4DD7-96D1-6322308AFFDD} = {0346A3AB-9D69-484F-B7B4-EA02874CD7A2}
		{E7FD9804-4EC1-492A-8447-B235C21EB3B2} = {0346A3AB-9D69-484F-B7B4-EA02874CD7A2}
		{CDF83B85-4B1A-41D1-A704-BB044BF539EF} = {0346A3AB-9D69-484F-B7B4-EA02874CD7A2}
		{27B32905-6A08-425C-BC62-A4E8E234C37B} = {8C019412-407A-4000-B45F-CC88E9EA653F}
		{8CB87AF6-AF6F-4324-8443-19B7784B1D3B} = {8C019412-407A-4000-B45F-CC88E9EA653F}
		{615265DC-7762-4CB3-861F-174FD77FBFFA} = {8C019412-407A-4000-B45F-CC88E9EA653F}
		{0FE4808F-EE64-4524-8A3D-1F2D21B35761} = {8C019412-407A-4000-B45F-CC88E9EA653F}
	EndGlobalSection
EndGlobal
